<?xml version="1.0" encoding="utf-8"?>
<Project ToolsVersion="4.0" xmlns="http://schemas.microsoft.com/developer/msbuild/2003">
  <ItemGroup>
    <Filter Include="Source Files">
      <UniqueIdentifier>{4FC737F1-C7A5-4376-A066-2A32D752A2FF}</UniqueIdentifier>
      <Extensions>cpp;c;cc;cxx;c++;cppm;ixx;def;odl;idl;hpj;bat;asm;asmx</Extensions>
    </Filter>
    <Filter Include="Header Files">
      <UniqueIdentifier>{93995380-89BD-4b04-88EB-625FBE52EBFB}</UniqueIdentifier>
      <Extensions>h;hh;hpp;hxx;h++;hm;inl;inc;ipp;xsd</Extensions>
    </Filter>
    <Filter Include="Resource Files">
      <UniqueIdentifier>{67DA6AB6-F800-4c08-8B7A-83BB121AAD01}</UniqueIdentifier>
      <Extensions>rc;ico;cur;bmp;dlg;rc2;rct;bin;rgs;gif;jpg;jpeg;jpe;resx;tiff;tif;png;wav;mfcribbon-ms</Extensions>
    </Filter>
    <Filter Include="Shaders">
      <UniqueIdentifier>{f00c1b91-f31d-42f0-897b-7c28f0205351}</UniqueIdentifier>
    </Filter>
    <Filter Include="Header Files\Systems">
      <UniqueIdentifier>{4dd48639-9ae3-4d81-a416-931cf8ef4203}</UniqueIdentifier>
    </Filter>
    <Filter Include="Source Files\Systems">
      <UniqueIdentifier>{1ad193e3-6f28-41e4-93a7-a360ad9fa8e4}</UniqueIdentifier>
    </Filter>
    <Filter Include="Header Files\apps">
      <UniqueIdentifier>{0ced879c-d796-4b47-bb73-dee4d31b4ddf}</UniqueIdentifier>
    </Filter>
    <Filter Include="Source Files\apps">
      <UniqueIdentifier>{10585385-f5f0-4457-af07-10725d9b492e}</UniqueIdentifier>
    </Filter>
  </ItemGroup>
  <ItemGroup>
    <ClCompile Include="VulkanWindow.cpp">
      <Filter>Source Files</Filter>
    </ClCompile>
    <ClCompile Include="VulkanPipeline.cpp">
      <Filter>Source Files</Filter>
    </ClCompile>
    <ClCompile Include="VulkanDevice.cpp">
      <Filter>Source Files</Filter>
    </ClCompile>
    <ClCompile Include="VulkanSwapChain.cpp">
      <Filter>Source Files</Filter>
    </ClCompile>
    <ClCompile Include="VulkanModel.cpp">
      <Filter>Source Files</Filter>
    </ClCompile>
    <ClCompile Include="VulkanRenderer.cpp">
      <Filter>Source Files</Filter>
    </ClCompile>
    <ClCompile Include="VulkanCamera.cpp">
      <Filter>Source Files</Filter>
    </ClCompile>
    <ClCompile Include="keyboard_movement_controller.cpp">
      <Filter>Source Files</Filter>
    </ClCompile>
    <ClCompile Include="VulkanGameObject.cpp">
      <Filter>Source Files</Filter>
    </ClCompile>
    <ClCompile Include="VulkanBuffer.cpp">
      <Filter>Source Files</Filter>
    </ClCompile>
    <ClCompile Include="VulkanDescriptors.cpp">
      <Filter>Source Files</Filter>
    </ClCompile>
    <ClCompile Include="main.cpp">
      <Filter>Source Files</Filter>
    </ClCompile>
    <ClCompile Include="PlayerSystem.cpp">
      <Filter>Source Files\Systems</Filter>
    </ClCompile>
    <ClCompile Include="PointLightSystem.cpp">
      <Filter>Source Files\Systems</Filter>
    </ClCompile>
    <ClCompile Include="SimpleRenderSystem.cpp">
      <Filter>Source Files\Systems</Filter>
    </ClCompile>
    <ClCompile Include="WireframeSystem.cpp">
      <Filter>Source Files\Systems</Filter>
    </ClCompile>
    <ClCompile Include="first_app.cpp">
      <Filter>Source Files\apps</Filter>
    </ClCompile>
    <ClCompile Include="Equations.cpp">
      <Filter>Source Files</Filter>
    </ClCompile>
  </ItemGroup>
  <ItemGroup>
    <ClInclude Include="VulkanWindow.h">
      <Filter>Header Files</Filter>
    </ClInclude>
    <ClInclude Include="VulkanPipeline.h">
      <Filter>Header Files</Filter>
    </ClInclude>
    <ClInclude Include="VulkanDevice.h">
      <Filter>Header Files</Filter>
    </ClInclude>
    <ClInclude Include="VulkanSwapChain.h">
      <Filter>Header Files</Filter>
    </ClInclude>
    <ClInclude Include="VulkanModel.h">
      <Filter>Header Files</Filter>
    </ClInclude>
    <ClInclude Include="VulkanGameObject.h">
      <Filter>Header Files</Filter>
    </ClInclude>
    <ClInclude Include="VulkanRenderer.h">
      <Filter>Header Files</Filter>
    </ClInclude>
    <ClInclude Include="VulkanCamera.h">
      <Filter>Header Files</Filter>
    </ClInclude>
    <ClInclude Include="keyboard_movement_controller.h">
      <Filter>Header Files</Filter>
    </ClInclude>
    <ClInclude Include="VulkanUtility.h">
      <Filter>Header Files</Filter>
    </ClInclude>
    <ClInclude Include="VulkanBuffer.h">
      <Filter>Header Files</Filter>
    </ClInclude>
    <ClInclude Include="VulkanFrameInfo.h">
      <Filter>Header Files</Filter>
    </ClInclude>
    <ClInclude Include="VulkanDescriptors.h">
      <Filter>Header Files</Filter>
    </ClInclude>
    <ClInclude Include="print_utility.h">
      <Filter>Header Files</Filter>
    </ClInclude>
    <ClInclude Include="PlayerSystem.h">
      <Filter>Header Files\Systems</Filter>
    </ClInclude>
    <ClInclude Include="PointLightSystem.h">
      <Filter>Header Files\Systems</Filter>
    </ClInclude>
    <ClInclude Include="SimpleRenderSystem.h">
      <Filter>Header Files\Systems</Filter>
    </ClInclude>
    <ClInclude Include="WireframeSystem.h">
      <Filter>Header Files\Systems</Filter>
    </ClInclude>
    <ClInclude Include="first_app.h">
      <Filter>Header Files\apps</Filter>
    </ClInclude>
    <ClInclude Include="Equations.h">
      <Filter>Header Files</Filter>
    </ClInclude>
  </ItemGroup>
  <ItemGroup>
    <None Include="simple_shader.vert">
      <Filter>Shaders</Filter>
    </None>
    <None Include="simple_shader.frag">
      <Filter>Shaders</Filter>
    </None>
    <None Include="compile.bat">
      <Filter>Shaders</Filter>
    </None>
    <None Include="point_light.vert">
      <Filter>Shaders</Filter>
    </None>
    <None Include="point_light.frag">
      <Filter>Shaders</Filter>
    </None>
    <None Include="wireframe_shader.frag">
      <Filter>Shaders</Filter>
    </None>
    <None Include="wireframe_shader.vert">
      <Filter>Shaders</Filter>
    </None>
  </ItemGroup>
</Project>